lockfileVersion: 5.4

importers:

  .:
    specifiers:
      '@types/node': ^22.5.3
      rollup: ^4.21.2
      rollup-plugin-typescript2: ^0.36.0
      typescript: ^5.5.4
    devDependencies:
      '@types/node': registry.npmmirror.com/@types/node/22.5.3
      rollup: registry.npmmirror.com/rollup/4.21.2
      rollup-plugin-typescript2: registry.npmmirror.com/rollup-plugin-typescript2/0.36.0_hwxx4elaywvldt4o3tf67epalu
      typescript: registry.npmmirror.com/typescript/5.5.4

packages:

  registry.npmmirror.com/@rollup/pluginutils/4.2.1:
    resolution: {integrity: sha512-iKnFXr7NkdZAIHiIWE+BX5ULi/ucVFYWD6TbAV+rZctiRTY2PL6tsIKhoIOaoskiWAkgu+VsbXgUVDNLHf+InQ==, registry: http://registry.npm.taobao.org/, tarball: https://registry.npmmirror.com/@rollup/pluginutils/-/pluginutils-4.2.1.tgz}
    name: '@rollup/pluginutils'
    version: 4.2.1
    engines: {node: '>= 8.0.0'}
    dependencies:
      estree-walker: registry.npmmirror.com/estree-walker/2.0.2
      picomatch: registry.npmmirror.com/picomatch/2.3.1
    dev: true

  registry.npmmirror.com/@rollup/rollup-android-arm-eabi/4.21.2:
    resolution: {integrity: sha512-fSuPrt0ZO8uXeS+xP3b+yYTCBUd05MoSp2N/MFOgjhhUhMmchXlpTQrTpI8T+YAwAQuK7MafsCOxW7VrPMrJcg==, registry: http://registry.npm.taobao.org/, tarball: https://registry.npmmirror.com/@rollup/rollup-android-arm-eabi/-/rollup-android-arm-eabi-4.21.2.tgz}
    name: '@rollup/rollup-android-arm-eabi'
    version: 4.21.2
    cpu: [arm]
    os: [android]
    requiresBuild: true
    dev: true
    optional: true

  registry.npmmirror.com/@rollup/rollup-android-arm64/4.21.2:
    resolution: {integrity: sha512-xGU5ZQmPlsjQS6tzTTGwMsnKUtu0WVbl0hYpTPauvbRAnmIvpInhJtgjj3mcuJpEiuUw4v1s4BimkdfDWlh7gA==, registry: http://registry.npm.taobao.org/, tarball: https://registry.npmmirror.com/@rollup/rollup-android-arm64/-/rollup-android-arm64-4.21.2.tgz}
    name: '@rollup/rollup-android-arm64'
    version: 4.21.2
    cpu: [arm64]
    os: [android]
    requiresBuild: true
    dev: true
    optional: true

  registry.npmmirror.com/@rollup/rollup-darwin-arm64/4.21.2:
    resolution: {integrity: sha512-99AhQ3/ZMxU7jw34Sq8brzXqWH/bMnf7ZVhvLk9QU2cOepbQSVTns6qoErJmSiAvU3InRqC2RRZ5ovh1KN0d0Q==, registry: http://registry.npm.taobao.org/, tarball: https://registry.npmmirror.com/@rollup/rollup-darwin-arm64/-/rollup-darwin-arm64-4.21.2.tgz}
    name: '@rollup/rollup-darwin-arm64'
    version: 4.21.2
    cpu: [arm64]
    os: [darwin]
    requiresBuild: true
    dev: true
    optional: true

  registry.npmmirror.com/@rollup/rollup-darwin-x64/4.21.2:
    resolution: {integrity: sha512-ZbRaUvw2iN/y37x6dY50D8m2BnDbBjlnMPotDi/qITMJ4sIxNY33HArjikDyakhSv0+ybdUxhWxE6kTI4oX26w==, registry: http://registry.npm.taobao.org/, tarball: https://registry.npmmirror.com/@rollup/rollup-darwin-x64/-/rollup-darwin-x64-4.21.2.tgz}
    name: '@rollup/rollup-darwin-x64'
    version: 4.21.2
    cpu: [x64]
    os: [darwin]
    requiresBuild: true
    dev: true
    optional: true

  registry.npmmirror.com/@rollup/rollup-linux-arm-gnueabihf/4.21.2:
    resolution: {integrity: sha512-ztRJJMiE8nnU1YFcdbd9BcH6bGWG1z+jP+IPW2oDUAPxPjo9dverIOyXz76m6IPA6udEL12reYeLojzW2cYL7w==, registry: http://registry.npm.taobao.org/, tarball: https://registry.npmmirror.com/@rollup/rollup-linux-arm-gnueabihf/-/rollup-linux-arm-gnueabihf-4.21.2.tgz}
    name: '@rollup/rollup-linux-arm-gnueabihf'
    version: 4.21.2
    cpu: [arm]
    os: [linux]
    libc: [glibc]
    requiresBuild: true
    dev: true
    optional: true

  registry.npmmirror.com/@rollup/rollup-linux-arm-musleabihf/4.21.2:
    resolution: {integrity: sha512-flOcGHDZajGKYpLV0JNc0VFH361M7rnV1ee+NTeC/BQQ1/0pllYcFmxpagltANYt8FYf9+kL6RSk80Ziwyhr7w==, registry: http://registry.npm.taobao.org/, tarball: https://registry.npmmirror.com/@rollup/rollup-linux-arm-musleabihf/-/rollup-linux-arm-musleabihf-4.21.2.tgz}
    name: '@rollup/rollup-linux-arm-musleabihf'
    version: 4.21.2
    cpu: [arm]
    os: [linux]
    libc: [musl]
    requiresBuild: true
    dev: true
    optional: true

  registry.npmmirror.com/@rollup/rollup-linux-arm64-gnu/4.21.2:
    resolution: {integrity: sha512-69CF19Kp3TdMopyteO/LJbWufOzqqXzkrv4L2sP8kfMaAQ6iwky7NoXTp7bD6/irKgknDKM0P9E/1l5XxVQAhw==, registry: http://registry.npm.taobao.org/, tarball: https://registry.npmmirror.com/@rollup/rollup-linux-arm64-gnu/-/rollup-linux-arm64-gnu-4.21.2.tgz}
    name: '@rollup/rollup-linux-arm64-gnu'
    version: 4.21.2
    cpu: [arm64]
    os: [linux]
    libc: [glibc]
    requiresBuild: true
    dev: true
    optional: true

  registry.npmmirror.com/@rollup/rollup-linux-arm64-musl/4.21.2:
    resolution: {integrity: sha512-48pD/fJkTiHAZTnZwR0VzHrao70/4MlzJrq0ZsILjLW/Ab/1XlVUStYyGt7tdyIiVSlGZbnliqmult/QGA2O2w==, registry: http://registry.npm.taobao.org/, tarball: https://registry.npmmirror.com/@rollup/rollup-linux-arm64-musl/-/rollup-linux-arm64-musl-4.21.2.tgz}
    name: '@rollup/rollup-linux-arm64-musl'
    version: 4.21.2
    cpu: [arm64]
    os: [linux]
    libc: [musl]
    requiresBuild: true
    dev: true
    optional: true

  registry.npmmirror.com/@rollup/rollup-linux-powerpc64le-gnu/4.21.2:
    resolution: {integrity: sha512-cZdyuInj0ofc7mAQpKcPR2a2iu4YM4FQfuUzCVA2u4HI95lCwzjoPtdWjdpDKyHxI0UO82bLDoOaLfpZ/wviyQ==, registry: http://registry.npm.taobao.org/, tarball: https://registry.npmmirror.com/@rollup/rollup-linux-powerpc64le-gnu/-/rollup-linux-powerpc64le-gnu-4.21.2.tgz}
    name: '@rollup/rollup-linux-powerpc64le-gnu'
    version: 4.21.2
    cpu: [ppc64]
    os: [linux]
    libc: [glibc]
    requiresBuild: true
    dev: true
    optional: true

  registry.npmmirror.com/@rollup/rollup-linux-riscv64-gnu/4.21.2:
    resolution: {integrity: sha512-RL56JMT6NwQ0lXIQmMIWr1SW28z4E4pOhRRNqwWZeXpRlykRIlEpSWdsgNWJbYBEWD84eocjSGDu/XxbYeCmwg==, registry: http://registry.npm.taobao.org/, tarball: https://registry.npmmirror.com/@rollup/rollup-linux-riscv64-gnu/-/rollup-linux-riscv64-gnu-4.21.2.tgz}
    name: '@rollup/rollup-linux-riscv64-gnu'
    version: 4.21.2
    cpu: [riscv64]
    os: [linux]
    libc: [glibc]
    requiresBuild: true
    dev: true
    optional: true

  registry.npmmirror.com/@rollup/rollup-linux-s390x-gnu/4.21.2:
    resolution: {integrity: sha512-PMxkrWS9z38bCr3rWvDFVGD6sFeZJw4iQlhrup7ReGmfn7Oukrr/zweLhYX6v2/8J6Cep9IEA/SmjXjCmSbrMQ==, registry: http://registry.npm.taobao.org/, tarball: https://registry.npmmirror.com/@rollup/rollup-linux-s390x-gnu/-/rollup-linux-s390x-gnu-4.21.2.tgz}
    name: '@rollup/rollup-linux-s390x-gnu'
    version: 4.21.2
    cpu: [s390x]
    os: [linux]
    libc: [glibc]
    requiresBuild: true
    dev: true
    optional: true

  registry.npmmirror.com/@rollup/rollup-linux-x64-gnu/4.21.2:
    resolution: {integrity: sha512-B90tYAUoLhU22olrafY3JQCFLnT3NglazdwkHyxNDYF/zAxJt5fJUB/yBoWFoIQ7SQj+KLe3iL4BhOMa9fzgpw==, registry: http://registry.npm.taobao.org/, tarball: https://registry.npmmirror.com/@rollup/rollup-linux-x64-gnu/-/rollup-linux-x64-gnu-4.21.2.tgz}
    name: '@rollup/rollup-linux-x64-gnu'
    version: 4.21.2
    cpu: [x64]
    os: [linux]
    libc: [glibc]
    requiresBuild: true
    dev: true
    optional: true

  registry.npmmirror.com/@rollup/rollup-linux-x64-musl/4.21.2:
    resolution: {integrity: sha512-7twFizNXudESmC9oneLGIUmoHiiLppz/Xs5uJQ4ShvE6234K0VB1/aJYU3f/4g7PhssLGKBVCC37uRkkOi8wjg==, registry: http://registry.npm.taobao.org/, tarball: https://registry.npmmirror.com/@rollup/rollup-linux-x64-musl/-/rollup-linux-x64-musl-4.21.2.tgz}
    name: '@rollup/rollup-linux-x64-musl'
    version: 4.21.2
    cpu: [x64]
    os: [linux]
    libc: [musl]
    requiresBuild: true
    dev: true
    optional: true

  registry.npmmirror.com/@rollup/rollup-win32-arm64-msvc/4.21.2:
    resolution: {integrity: sha512-9rRero0E7qTeYf6+rFh3AErTNU1VCQg2mn7CQcI44vNUWM9Ze7MSRS/9RFuSsox+vstRt97+x3sOhEey024FRQ==, registry: http://registry.npm.taobao.org/, tarball: https://registry.npmmirror.com/@rollup/rollup-win32-arm64-msvc/-/rollup-win32-arm64-msvc-4.21.2.tgz}
    name: '@rollup/rollup-win32-arm64-msvc'
    version: 4.21.2
    cpu: [arm64]
    os: [win32]
    requiresBuild: true
    dev: true
    optional: true

  registry.npmmirror.com/@rollup/rollup-win32-ia32-msvc/4.21.2:
    resolution: {integrity: sha512-5rA4vjlqgrpbFVVHX3qkrCo/fZTj1q0Xxpg+Z7yIo3J2AilW7t2+n6Q8Jrx+4MrYpAnjttTYF8rr7bP46BPzRw==, registry: http://registry.npm.taobao.org/, tarball: https://registry.npmmirror.com/@rollup/rollup-win32-ia32-msvc/-/rollup-win32-ia32-msvc-4.21.2.tgz}
    name: '@rollup/rollup-win32-ia32-msvc'
    version: 4.21.2
    cpu: [ia32]
    os: [win32]
    requiresBuild: true
    dev: true
    optional: true

  registry.npmmirror.com/@rollup/rollup-win32-x64-msvc/4.21.2:
    resolution: {integrity: sha512-6UUxd0+SKomjdzuAcp+HAmxw1FlGBnl1v2yEPSabtx4lBfdXHDVsW7+lQkgz9cNFJGY3AWR7+V8P5BqkD9L9nA==, registry: http://registry.npm.taobao.org/, tarball: https://registry.npmmirror.com/@rollup/rollup-win32-x64-msvc/-/rollup-win32-x64-msvc-4.21.2.tgz}
    name: '@rollup/rollup-win32-x64-msvc'
    version: 4.21.2
    cpu: [x64]
    os: [win32]
    requiresBuild: true
    dev: true
    optional: true

  registry.npmmirror.com/@types/estree/1.0.5:
    resolution: {integrity: sha512-/kYRxGDLWzHOB7q+wtSUQlFrtcdUccpfy+X+9iMBpHK8QLLhx2wIPYuS5DYtR9Wa/YlZAbIovy7qVdB1Aq6Lyw==, registry: http://registry.npm.taobao.org/, tarball: https://registry.npmmirror.com/@types/estree/-/estree-1.0.5.tgz}
    name: '@types/estree'
    version: 1.0.5
    dev: true

  registry.npmmirror.com/@types/node/22.5.3:
    resolution: {integrity: sha512-njripolh85IA9SQGTAqbmnNZTdxv7X/4OYGPz8tgy5JDr8MP+uDBa921GpYEoDDnwm0Hmn5ZPeJgiiSTPoOzkQ==, registry: http://registry.npm.taobao.org/, tarball: https://registry.npmmirror.com/@types/node/-/node-22.5.3.tgz}
    name: '@types/node'
    version: 22.5.3
    dependencies:
      undici-types: registry.npmmirror.com/undici-types/6.19.8
    dev: true

  registry.npmmirror.com/commondir/1.0.1:
    resolution: {integrity: sha512-W9pAhw0ja1Edb5GVdIF1mjZw/ASI0AlShXM83UUGe2DVr5TdAPEA1OA8m/g8zWp9x6On7gqufY+FatDbC3MDQg==, registry: http://registry.npm.taobao.org/, tarball: https://registry.npmmirror.com/commondir/-/commondir-1.0.1.tgz}
    name: commondir
    version: 1.0.1
    dev: true

  registry.npmmirror.com/estree-walker/2.0.2:
    resolution: {integrity: sha512-Rfkk/Mp/DL7JVje3u18FxFujQlTNR2q6QfMSMB7AvCBx91NGj/ba3kCfza0f6dVDbw7YlRf/nDrn7pQrCCyQ/w==, registry: http://registry.npm.taobao.org/, tarball: https://registry.npmmirror.com/estree-walker/-/estree-walker-2.0.2.tgz}
    name: estree-walker
    version: 2.0.2
    dev: true

  registry.npmmirror.com/find-cache-dir/3.3.2:
    resolution: {integrity: sha512-wXZV5emFEjrridIgED11OoUKLxiYjAcqot/NJdAkOhlJ+vGzwhOAfcG5OX1jP+S0PcjEn8bdMJv+g2jwQ3Onig==, registry: http://registry.npm.taobao.org/, tarball: https://registry.npmmirror.com/find-cache-dir/-/find-cache-dir-3.3.2.tgz}
    name: find-cache-dir
    version: 3.3.2
    engines: {node: '>=8'}
    dependencies:
      commondir: registry.npmmirror.com/commondir/1.0.1
      make-dir: registry.npmmirror.com/make-dir/3.1.0
      pkg-dir: registry.npmmirror.com/pkg-dir/4.2.0
    dev: true

  registry.npmmirror.com/find-up/4.1.0:
    resolution: {integrity: sha512-PpOwAdQ/YlXQ2vj8a3h8IipDuYRi3wceVQQGYWxNINccq40Anw7BlsEXCMbt1Zt+OLA6Fq9suIpIWD0OsnISlw==, registry: http://registry.npm.taobao.org/, tarball: https://registry.npmmirror.com/find-up/-/find-up-4.1.0.tgz}
    name: find-up
    version: 4.1.0
    engines: {node: '>=8'}
    dependencies:
      locate-path: registry.npmmirror.com/locate-path/5.0.0
      path-exists: registry.npmmirror.com/path-exists/4.0.0
    dev: true

  registry.npmmirror.com/fs-extra/10.1.0:
    resolution: {integrity: sha512-oRXApq54ETRj4eMiFzGnHWGy+zo5raudjuxN0b8H7s/RU2oW0Wvsx9O0ACRN/kRq9E8Vu/ReskGB5o3ji+FzHQ==, registry: http://registry.npm.taobao.org/, tarball: https://registry.npmmirror.com/fs-extra/-/fs-extra-10.1.0.tgz}
    name: fs-extra
    version: 10.1.0
    engines: {node: '>=12'}
    dependencies:
      graceful-fs: registry.npmmirror.com/graceful-fs/4.2.11
      jsonfile: registry.npmmirror.com/jsonfile/6.1.0
      universalify: registry.npmmirror.com/universalify/2.0.1
    dev: true

  registry.npmmirror.com/fsevents/2.3.3:
    resolution: {integrity: sha512-5xoDfX+fL7faATnagmWPpbFtwh/R77WmMMqqHGS65C3vvB0YHrgF+B1YmZ3441tMj5n63k0212XNoJwzlhffQw==, registry: http://registry.npm.taobao.org/, tarball: https://registry.npmmirror.com/fsevents/-/fsevents-2.3.3.tgz}
    name: fsevents
    version: 2.3.3
    engines: {node: ^8.16.0 || ^10.6.0 || >=11.0.0}
    os: [darwin]
    requiresBuild: true
    dev: true
    optional: true

  registry.npmmirror.com/graceful-fs/4.2.11:
    resolution: {integrity: sha512-RbJ5/jmFcNNCcDV5o9eTnBLJ/HszWV0P73bc+Ff4nS/rJj+YaS6IGyiOL0VoBYX+l1Wrl3k63h/KrH+nhJ0XvQ==, registry: http://registry.npm.taobao.org/, tarball: https://registry.npmmirror.com/graceful-fs/-/graceful-fs-4.2.11.tgz}
    name: graceful-fs
    version: 4.2.11
    dev: true

  registry.npmmirror.com/jsonfile/6.1.0:
    resolution: {integrity: sha512-5dgndWOriYSm5cnYaJNhalLNDKOqFwyDB/rr1E9ZsGciGvKPs8R2xYGCacuf3z6K1YKDz182fd+fY3cn3pMqXQ==, registry: http://registry.npm.taobao.org/, tarball: https://registry.npmmirror.com/jsonfile/-/jsonfile-6.1.0.tgz}
    name: jsonfile
    version: 6.1.0
    dependencies:
      universalify: registry.npmmirror.com/universalify/2.0.1
    optionalDependencies:
      graceful-fs: registry.npmmirror.com/graceful-fs/4.2.11
    dev: true

  registry.npmmirror.com/locate-path/5.0.0:
    resolution: {integrity: sha512-t7hw9pI+WvuwNJXwk5zVHpyhIqzg2qTlklJOf0mVxGSbe3Fp2VieZcduNYjaLDoy6p9uGpQEGWG87WpMKlNq8g==, registry: http://registry.npm.taobao.org/, tarball: https://registry.npmmirror.com/locate-path/-/locate-path-5.0.0.tgz}
    name: locate-path
    version: 5.0.0
    engines: {node: '>=8'}
    dependencies:
      p-locate: registry.npmmirror.com/p-locate/4.1.0
    dev: true

  registry.npmmirror.com/make-dir/3.1.0:
    resolution: {integrity: sha512-g3FeP20LNwhALb/6Cz6Dd4F2ngze0jz7tbzrD2wAV+o9FeNHe4rL+yK2md0J/fiSf1sa1ADhXqi5+oVwOM/eGw==, registry: http://registry.npm.taobao.org/, tarball: https://registry.npmmirror.com/make-dir/-/make-dir-3.1.0.tgz}
    name: make-dir
    version: 3.1.0
    engines: {node: '>=8'}
    dependencies:
      semver: registry.npmmirror.com/semver/6.3.1
    dev: true

  registry.npmmirror.com/p-limit/2.3.0:
    resolution: {integrity: sha512-//88mFWSJx8lxCzwdAABTJL2MyWB12+eIY7MDL2SqLmAkeKU9qxRvWuSyTjm3FUmpBEMuFfckAIqEaVGUDxb6w==, registry: http://registry.npm.taobao.org/, tarball: https://registry.npmmirror.com/p-limit/-/p-limit-2.3.0.tgz}
    name: p-limit
    version: 2.3.0
    engines: {node: '>=6'}
    dependencies:
      p-try: registry.npmmirror.com/p-try/2.2.0
    dev: true

  registry.npmmirror.com/p-locate/4.1.0:
    resolution: {integrity: sha512-R79ZZ/0wAxKGu3oYMlz8jy/kbhsNrS7SKZ7PxEHBgJ5+F2mtFW2fK2cOtBh1cHYkQsbzFV7I+EoRKe6Yt0oK7A==, registry: http://registry.npm.taobao.org/, tarball: https://registry.npmmirror.com/p-locate/-/p-locate-4.1.0.tgz}
    name: p-locate
    version: 4.1.0
    engines: {node: '>=8'}
    dependencies:
      p-limit: registry.npmmirror.com/p-limit/2.3.0
    dev: true

  registry.npmmirror.com/p-try/2.2.0:
    resolution: {integrity: sha512-R4nPAVTAU0B9D35/Gk3uJf/7XYbQcyohSKdvAxIRSNghFl4e71hVoGnBNQz9cWaXxO2I10KTC+3jMdvvoKw6dQ==, registry: http://registry.npm.taobao.org/, tarball: https://registry.npmmirror.com/p-try/-/p-try-2.2.0.tgz}
    name: p-try
    version: 2.2.0
    engines: {node: '>=6'}
    dev: true

  registry.npmmirror.com/path-exists/4.0.0:
    resolution: {integrity: sha512-ak9Qy5Q7jYb2Wwcey5Fpvg2KoAc/ZIhLSLOSBmRmygPsGwkVVt0fZa0qrtMz+m6tJTAHfZQ8FnmB4MG4LWy7/w==, registry: http://registry.npm.taobao.org/, tarball: https://registry.npmmirror.com/path-exists/-/path-exists-4.0.0.tgz}
    name: path-exists
    version: 4.0.0
    engines: {node: '>=8'}
    dev: true

  registry.npmmirror.com/picomatch/2.3.1:
    resolution: {integrity: sha512-JU3teHTNjmE2VCGFzuY8EXzCDVwEqB2a8fsIvwaStHhAWJEeVd1o1QD80CU6+ZdEXXSLbSsuLwJjkCBWqRQUVA==, registry: http://registry.npm.taobao.org/, tarball: https://registry.npmmirror.com/picomatch/-/picomatch-2.3.1.tgz}
    name: picomatch
    version: 2.3.1
    engines: {node: '>=8.6'}
    dev: true

  registry.npmmirror.com/pkg-dir/4.2.0:
    resolution: {integrity: sha512-HRDzbaKjC+AOWVXxAU/x54COGeIv9eb+6CkDSQoNTt4XyWoIJvuPsXizxu/Fr23EiekbtZwmh1IcIG/l/a10GQ==, registry: http://registry.npm.taobao.org/, tarball: https://registry.npmmirror.com/pkg-dir/-/pkg-dir-4.2.0.tgz}
    name: pkg-dir
    version: 4.2.0
    engines: {node: '>=8'}
    dependencies:
      find-up: registry.npmmirror.com/find-up/4.1.0
    dev: true

  registry.npmmirror.com/rollup-plugin-typescript2/0.36.0_hwxx4elaywvldt4o3tf67epalu:
    resolution: {integrity: sha512-NB2CSQDxSe9+Oe2ahZbf+B4bh7pHwjV5L+RSYpCu7Q5ROuN94F9b6ioWwKfz3ueL3KTtmX4o2MUH2cgHDIEUsw==, registry: http://registry.npm.taobao.org/, tarball: https://registry.npmmirror.com/rollup-plugin-typescript2/-/rollup-plugin-typescript2-0.36.0.tgz}
    id: registry.npmmirror.com/rollup-plugin-typescript2/0.36.0
    name: rollup-plugin-typescript2
    version: 0.36.0
    peerDependencies:
      rollup: '>=1.26.3'
      typescript: '>=2.4.0'
    dependencies:
      '@rollup/pluginutils': registry.npmmirror.com/@rollup/pluginutils/4.2.1
      find-cache-dir: registry.npmmirror.com/find-cache-dir/3.3.2
      fs-extra: registry.npmmirror.com/fs-extra/10.1.0
      rollup: registry.npmmirror.com/rollup/4.21.2
      semver: registry.npmmirror.com/semver/7.6.3
      tslib: registry.npmmirror.com/tslib/2.7.0
      typescript: registry.npmmirror.com/typescript/5.5.4
    dev: true

  registry.npmmirror.com/rollup/4.21.2:
    resolution: {integrity: sha512-e3TapAgYf9xjdLvKQCkQTnbTKd4a6jwlpQSJJFokHGaX2IVjoEqkIIhiQfqsi0cdwlOD+tQGuOd5AJkc5RngBw==, registry: http://registry.npm.taobao.org/, tarball: https://registry.npmmirror.com/rollup/-/rollup-4.21.2.tgz}
    name: rollup
    version: 4.21.2
    engines: {node: '>=18.0.0', npm: '>=8.0.0'}
    hasBin: true
    dependencies:
      '@types/estree': registry.npmmirror.com/@types/estree/1.0.5
    optionalDependencies:
      '@rollup/rollup-android-arm-eabi': registry.npmmirror.com/@rollup/rollup-android-arm-eabi/4.21.2
      '@rollup/rollup-android-arm64': registry.npmmirror.com/@rollup/rollup-android-arm64/4.21.2
      '@rollup/rollup-darwin-arm64': registry.npmmirror.com/@rollup/rollup-darwin-arm64/4.21.2
      '@rollup/rollup-darwin-x64': registry.npmmirror.com/@rollup/rollup-darwin-x64/4.21.2
      '@rollup/rollup-linux-arm-gnueabihf': registry.npmmirror.com/@rollup/rollup-linux-arm-gnueabihf/4.21.2
      '@rollup/rollup-linux-arm-musleabihf': registry.npmmirror.com/@rollup/rollup-linux-arm-musleabihf/4.21.2
      '@rollup/rollup-linux-arm64-gnu': registry.npmmirror.com/@rollup/rollup-linux-arm64-gnu/4.21.2
      '@rollup/rollup-linux-arm64-musl': registry.npmmirror.com/@rollup/rollup-linux-arm64-musl/4.21.2
      '@rollup/rollup-linux-powerpc64le-gnu': registry.npmmirror.com/@rollup/rollup-linux-powerpc64le-gnu/4.21.2
      '@rollup/rollup-linux-riscv64-gnu': registry.npmmirror.com/@rollup/rollup-linux-riscv64-gnu/4.21.2
      '@rollup/rollup-linux-s390x-gnu': registry.npmmirror.com/@rollup/rollup-linux-s390x-gnu/4.21.2
      '@rollup/rollup-linux-x64-gnu': registry.npmmirror.com/@rollup/rollup-linux-x64-gnu/4.21.2
      '@rollup/rollup-linux-x64-musl': registry.npmmirror.com/@rollup/rollup-linux-x64-musl/4.21.2
      '@rollup/rollup-win32-arm64-msvc': registry.npmmirror.com/@rollup/rollup-win32-arm64-msvc/4.21.2
      '@rollup/rollup-win32-ia32-msvc': registry.npmmirror.com/@rollup/rollup-win32-ia32-msvc/4.21.2
      '@rollup/rollup-win32-x64-msvc': registry.npmmirror.com/@rollup/rollup-win32-x64-msvc/4.21.2
      fsevents: registry.npmmirror.com/fsevents/2.3.3
    dev: true

  registry.npmmirror.com/semver/6.3.1:
    resolution: {integrity: sha512-BR7VvDCVHO+q2xBEWskxS6DJE1qRnb7DxzUrogb71CWoSficBxYsiAGd+Kl0mmq/MprG9yArRkyrQxTO6XjMzA==, registry: http://registry.npm.taobao.org/, tarball: https://registry.npmmirror.com/semver/-/semver-6.3.1.tgz}
    name: semver
    version: 6.3.1
    hasBin: true
    dev: true

  registry.npmmirror.com/semver/7.6.3:
    resolution: {integrity: sha512-oVekP1cKtI+CTDvHWYFUcMtsK/00wmAEfyqKfNdARm8u1wNVhSgaX7A8d4UuIlUI5e84iEwOhs7ZPYRmzU9U6A==, registry: http://registry.npm.taobao.org/, tarball: https://registry.npmmirror.com/semver/-/semver-7.6.3.tgz}
    name: semver
    version: 7.6.3
    engines: {node: '>=10'}
    hasBin: true
    dev: true

  registry.npmmirror.com/tslib/2.7.0:
    resolution: {integrity: sha512-gLXCKdN1/j47AiHiOkJN69hJmcbGTHI0ImLmbYLHykhgeN0jVGola9yVjFgzCUklsZQMW55o+dW7IXv3RCXDzA==, registry: http://registry.npm.taobao.org/, tarball: https://registry.npmmirror.com/tslib/-/tslib-2.7.0.tgz}
    name: tslib
    version: 2.7.0
    dev: true

  registry.npmmirror.com/typescript/5.5.4:
    resolution: {integrity: sha512-Mtq29sKDAEYP7aljRgtPOpTvOfbwRWlS6dPRzwjdE+C0R4brX/GUyhHSecbHMFLNBLcJIPt9nl9yG5TZ1weH+Q==, registry: http://registry.npm.taobao.org/, tarball: https://registry.npmmirror.com/typescript/-/typescript-5.5.4.tgz}
    name: typescript
    version: 5.5.4
    engines: {node: '>=14.17'}
    hasBin: true
    dev: true

  registry.npmmirror.com/undici-types/6.19.8:
    resolution: {integrity: sha512-ve2KP6f/JnbPBFyobGHuerC9g1FYGn/F8n1LWTwNxCEzd6IfqTwUQcNXgEtmmQ6DlRrC1hrSrBnCZPokRrDHjw==, registry: http://registry.npm.taobao.org/, tarball: https://registry.npmmirror.com/undici-types/-/undici-types-6.19.8.tgz}
    name: undici-types
    version: 6.19.8
    dev: true

  registry.npmmirror.com/universalify/2.0.1:
    resolution: {integrity: sha512-gptHNQghINnc/vTGIk0SOFGFNXw7JVrlRUtConJRlvaw6DuX0wO5Jeko9sWrMBhh+PsYAZ7oXAiOnf/UKogyiw==, registry: http://registry.npm.taobao.org/, tarball: https://registry.npmmirror.com/universalify/-/universalify-2.0.1.tgz}
    name: universalify
    version: 2.0.1
    engines: {node: '>= 10.0.0'}
    dev: true
